// !$*UTF8*$!
{
	archiveVersion = 1;
	classes = {
	};
	objectVersion = 52;
	objects = {

/* Begin PBXBuildFile section */
		0440293225FF73E0004B0AD5 /* ProximaNovaExtrabold.otf in Resources */ = {isa = PBXBuildFile; fileRef = 0440293125FF73E0004B0AD5 /* ProximaNovaExtrabold.otf */; };
		049C5EA725DEC60B003673A9 /* File.swift in Sources */ = {isa = PBXBuildFile; fileRef = 049C5EA625DEC60B003673A9 /* File.swift */; };
		04C4ADF525CC04B90054B27A /* Roboto_medium.ttf in Resources */ = {isa = PBXBuildFile; fileRef = 04C4ADE025CC046B0054B27A /* Roboto_medium.ttf */; };
		04C4ADF625CC04B90054B27A /* Roboto.ttf in Resources */ = {isa = PBXBuildFile; fileRef = 04C4ADE525CC046C0054B27A /* Roboto.ttf */; };
		04C4ADF725CC04B90054B27A /* rubicon-icon-font.ttf in Resources */ = {isa = PBXBuildFile; fileRef = 04C4ADD625CC04690054B27A /* rubicon-icon-font.ttf */; };
		04C4AE0625CC05FA0054B27A /* Metropolis-Regular.otf in Resources */ = {isa = PBXBuildFile; fileRef = 04C4AE0225CC05FA0054B27A /* Metropolis-Regular.otf */; };
		04C4AE0725CC05FA0054B27A /* Metropolis-SemiBold.otf in Resources */ = {isa = PBXBuildFile; fileRef = 04C4AE0325CC05FA0054B27A /* Metropolis-SemiBold.otf */; };
		04C4AE0825CC05FA0054B27A /* Metropolis-Medium.otf in Resources */ = {isa = PBXBuildFile; fileRef = 04C4AE0425CC05FA0054B27A /* Metropolis-Medium.otf */; };
		04C4AE0925CC05FB0054B27A /* Metropolis-Bold.otf in Resources */ = {isa = PBXBuildFile; fileRef = 04C4AE0525CC05FA0054B27A /* Metropolis-Bold.otf */; };
		13B07FBC1A68108700A75B9A /* AppDelegate.m in Sources */ = {isa = PBXBuildFile; fileRef = 13B07FB01A68108700A75B9A /* AppDelegate.m */; };
		13B07FBF1A68108700A75B9A /* Images.xcassets in Resources */ = {isa = PBXBuildFile; fileRef = 13B07FB51A68108700A75B9A /* Images.xcassets */; };
		13B07FC11A68108700A75B9A /* main.m in Sources */ = {isa = PBXBuildFile; fileRef = 13B07FB71A68108700A75B9A /* main.m */; };
		33CEE1F32D2FC36572015F0C /* libPods-WonderPushNotificationServiceExtension.a in Frameworks */ = {isa = PBXBuildFile; fileRef = 69F2C356F978AFE39C9D3DBF /* libPods-WonderPushNotificationServiceExtension.a */; };
		520B1BFF2B45DC81008E34D2 /* Poppins-ExtraLight.ttf in Resources */ = {isa = PBXBuildFile; fileRef = 520B1BFD2B45DC81008E34D2 /* Poppins-ExtraLight.ttf */; };
		520B1C002B45DC81008E34D2 /* Poppins-Light.ttf in Resources */ = {isa = PBXBuildFile; fileRef = 520B1BFE2B45DC81008E34D2 /* Poppins-Light.ttf */; };
		52D9C3252B45F9530059BB68 /* Poppins-Bold.ttf in Resources */ = {isa = PBXBuildFile; fileRef = 52D9C3242B45F9530059BB68 /* Poppins-Bold.ttf */; };
		5F3E9471D4C53FEE2B1C131C /* libPods-SNPINews.a in Frameworks */ = {isa = PBXBuildFile; fileRef = D275CFA8B4DA73FA88CDDCC3 /* libPods-SNPINews.a */; };
		96AC504026CE77F600994B58 /* PTSans-Bold.ttf in Resources */ = {isa = PBXBuildFile; fileRef = 96AC503E26CE77F100994B58 /* PTSans-Bold.ttf */; };
		96AC504526CE77F800994B58 /* PTSans-BoldItalic.ttf in Resources */ = {isa = PBXBuildFile; fileRef = 96AC503F26CE77F100994B58 /* PTSans-BoldItalic.ttf */; };
		96AC504626CE77FA00994B58 /* PTSans-Italic.ttf in Resources */ = {isa = PBXBuildFile; fileRef = 96AC503C26CE77F100994B58 /* PTSans-Italic.ttf */; };
		96AC504B26CE77FC00994B58 /* PTSans-Regular.ttf in Resources */ = {isa = PBXBuildFile; fileRef = 96AC503D26CE77F100994B58 /* PTSans-Regular.ttf */; };
		A42946CE264A8E9D004B6001 /* VIPRawyRegular.otf in Resources */ = {isa = PBXBuildFile; fileRef = A42946CC264A8E9D004B6001 /* VIPRawyRegular.otf */; };
		A42946CF264A8E9D004B6001 /* VIPRawyBold.otf in Resources */ = {isa = PBXBuildFile; fileRef = A42946CD264A8E9D004B6001 /* VIPRawyBold.otf */; };
		A46289A026EFBCEF00D1C2B6 /* NotificationService.m in Sources */ = {isa = PBXBuildFile; fileRef = A462899F26EFBCEF00D1C2B6 /* NotificationService.m */; };
		A46289A426EFBCEF00D1C2B6 /* WonderPushNotificationServiceExtension.appex in Embed App Extensions */ = {isa = PBXBuildFile; fileRef = A462899C26EFBCEF00D1C2B6 /* WonderPushNotificationServiceExtension.appex */; settings = {ATTRIBUTES = (RemoveHeadersOnCopy, ); }; };
/* End PBXBuildFile section */

/* Begin PBXContainerItemProxy section */
		A46289A226EFBCEF00D1C2B6 /* PBXContainerItemProxy */ = {
			isa = PBXContainerItemProxy;
			containerPortal = 83CBB9F71A601CBA00E9B192 /* Project object */;
			proxyType = 1;
			remoteGlobalIDString = A462899B26EFBCEF00D1C2B6;
			remoteInfo = WonderPushNotificationServiceExtension;
		};
/* End PBXContainerItemProxy section */

/* Begin PBXCopyFilesBuildPhase section */
		A46289A526EFBCEF00D1C2B6 /* Embed App Extensions */ = {
			isa = PBXCopyFilesBuildPhase;
			buildActionMask = 2147483647;
			dstPath = "";
			dstSubfolderSpec = 13;
			files = (
				A46289A426EFBCEF00D1C2B6 /* WonderPushNotificationServiceExtension.appex in Embed App Extensions */,
			);
			name = "Embed App Extensions";
			runOnlyForDeploymentPostprocessing = 0;
		};
/* End PBXCopyFilesBuildPhase section */

/* Begin PBXFileReference section */
		008F07F21AC5B25A0029DE68 /* main.jsbundle */ = {isa = PBXFileReference; fileEncoding = 4; lastKnownFileType = text; path = main.jsbundle; sourceTree = "<group>"; };
		0440293125FF73E0004B0AD5 /* ProximaNovaExtrabold.otf */ = {isa = PBXFileReference; lastKnownFileType = file; path = ProximaNovaExtrabold.otf; sourceTree = "<group>"; };
		049C5EA625DEC60B003673A9 /* File.swift */ = {isa = PBXFileReference; lastKnownFileType = sourcecode.swift; path = File.swift; sourceTree = "<group>"; };
		04C4ADC525CBFAE50054B27A /* SNPINews.entitlements */ = {isa = PBXFileReference; lastKnownFileType = text.plist.entitlements; name = SNPINews.entitlements; path = SNPINews/SNPINews.entitlements; sourceTree = "<group>"; };
		04C4ADCE25CC042C0054B27A /* ios */ = {isa = PBXFileReference; lastKnownFileType = folder; path = ios; sourceTree = "<group>"; };
		04C4ADD625CC04690054B27A /* rubicon-icon-font.ttf */ = {isa = PBXFileReference; lastKnownFileType = file; path = "rubicon-icon-font.ttf"; sourceTree = "<group>"; };
		04C4ADD725CC04690054B27A /* MaterialIcons.ttf */ = {isa = PBXFileReference; lastKnownFileType = file; path = MaterialIcons.ttf; sourceTree = "<group>"; };
		04C4ADD825CC04690054B27A /* SimpleLineIcons.ttf */ = {isa = PBXFileReference; lastKnownFileType = file; path = SimpleLineIcons.ttf; sourceTree = "<group>"; };
		04C4ADD925CC046A0054B27A /* MaterialCommunityIcons.ttf */ = {isa = PBXFileReference; lastKnownFileType = file; path = MaterialCommunityIcons.ttf; sourceTree = "<group>"; };
		04C4ADDA25CC046A0054B27A /* Octicons.ttf */ = {isa = PBXFileReference; lastKnownFileType = file; path = Octicons.ttf; sourceTree = "<group>"; };
		04C4ADDB25CC046A0054B27A /* FontAwesome.ttf */ = {isa = PBXFileReference; lastKnownFileType = file; path = FontAwesome.ttf; sourceTree = "<group>"; };
		04C4ADDC25CC046A0054B27A /* EvilIcons.ttf */ = {isa = PBXFileReference; lastKnownFileType = file; path = EvilIcons.ttf; sourceTree = "<group>"; };
		04C4ADDD25CC046B0054B27A /* Zocial.ttf */ = {isa = PBXFileReference; lastKnownFileType = file; path = Zocial.ttf; sourceTree = "<group>"; };
		04C4ADDE25CC046B0054B27A /* AntDesign.ttf */ = {isa = PBXFileReference; lastKnownFileType = file; path = AntDesign.ttf; sourceTree = "<group>"; };
		04C4ADDF25CC046B0054B27A /* Foundation.ttf */ = {isa = PBXFileReference; lastKnownFileType = file; path = Foundation.ttf; sourceTree = "<group>"; };
		04C4ADE025CC046B0054B27A /* Roboto_medium.ttf */ = {isa = PBXFileReference; lastKnownFileType = file; path = Roboto_medium.ttf; sourceTree = "<group>"; };
		04C4ADE125CC046B0054B27A /* Feather.ttf */ = {isa = PBXFileReference; lastKnownFileType = file; path = Feather.ttf; sourceTree = "<group>"; };
		04C4ADE225CC046C0054B27A /* Ionicons.ttf */ = {isa = PBXFileReference; lastKnownFileType = file; path = Ionicons.ttf; sourceTree = "<group>"; };
		04C4ADE325CC046C0054B27A /* Fontisto.ttf */ = {isa = PBXFileReference; lastKnownFileType = file; path = Fontisto.ttf; sourceTree = "<group>"; };
		04C4ADE425CC046C0054B27A /* Entypo.ttf */ = {isa = PBXFileReference; lastKnownFileType = file; path = Entypo.ttf; sourceTree = "<group>"; };
		04C4ADE525CC046C0054B27A /* Roboto.ttf */ = {isa = PBXFileReference; lastKnownFileType = file; path = Roboto.ttf; sourceTree = "<group>"; };
		04C4AE0225CC05FA0054B27A /* Metropolis-Regular.otf */ = {isa = PBXFileReference; lastKnownFileType = file; name = "Metropolis-Regular.otf"; path = "../../android/app/src/main/assets/fonts/Metropolis-Regular.otf"; sourceTree = "<group>"; };
		04C4AE0325CC05FA0054B27A /* Metropolis-SemiBold.otf */ = {isa = PBXFileReference; lastKnownFileType = file; name = "Metropolis-SemiBold.otf"; path = "../../android/app/src/main/assets/fonts/Metropolis-SemiBold.otf"; sourceTree = "<group>"; };
		04C4AE0425CC05FA0054B27A /* Metropolis-Medium.otf */ = {isa = PBXFileReference; lastKnownFileType = file; name = "Metropolis-Medium.otf"; path = "../../android/app/src/main/assets/fonts/Metropolis-Medium.otf"; sourceTree = "<group>"; };
		04C4AE0525CC05FA0054B27A /* Metropolis-Bold.otf */ = {isa = PBXFileReference; lastKnownFileType = file; name = "Metropolis-Bold.otf"; path = "../../android/app/src/main/assets/fonts/Metropolis-Bold.otf"; sourceTree = "<group>"; };
		13B07F961A680F5B00A75B9A /* SNPINews.app */ = {isa = PBXFileReference; explicitFileType = wrapper.application; includeInIndex = 0; path = SNPINews.app; sourceTree = BUILT_PRODUCTS_DIR; };
		13B07FAF1A68108700A75B9A /* AppDelegate.h */ = {isa = PBXFileReference; fileEncoding = 4; lastKnownFileType = sourcecode.c.h; name = AppDelegate.h; path = SNPINews/AppDelegate.h; sourceTree = "<group>"; };
		13B07FB01A68108700A75B9A /* AppDelegate.m */ = {isa = PBXFileReference; fileEncoding = 4; lastKnownFileType = sourcecode.c.objc; name = AppDelegate.m; path = SNPINews/AppDelegate.m; sourceTree = "<group>"; };
		13B07FB51A68108700A75B9A /* Images.xcassets */ = {isa = PBXFileReference; lastKnownFileType = folder.assetcatalog; name = Images.xcassets; path = SNPINews/Images.xcassets; sourceTree = "<group>"; };
		13B07FB61A68108700A75B9A /* Info.plist */ = {isa = PBXFileReference; fileEncoding = 4; lastKnownFileType = text.plist.xml; name = Info.plist; path = SNPINews/Info.plist; sourceTree = "<group>"; };
		13B07FB71A68108700A75B9A /* main.m */ = {isa = PBXFileReference; fileEncoding = 4; lastKnownFileType = sourcecode.c.objc; name = main.m; path = SNPINews/main.m; sourceTree = "<group>"; };
		36D97E721F726A046EA82EB5 /* Pods-SNPINews.debug.xcconfig */ = {isa = PBXFileReference; includeInIndex = 1; lastKnownFileType = text.xcconfig; name = "Pods-SNPINews.debug.xcconfig"; path = "Target Support Files/Pods-SNPINews/Pods-SNPINews.debug.xcconfig"; sourceTree = "<group>"; };
		520B1BFD2B45DC81008E34D2 /* Poppins-ExtraLight.ttf */ = {isa = PBXFileReference; lastKnownFileType = file; path = "Poppins-ExtraLight.ttf"; sourceTree = "<group>"; };
		520B1BFE2B45DC81008E34D2 /* Poppins-Light.ttf */ = {isa = PBXFileReference; lastKnownFileType = file; path = "Poppins-Light.ttf"; sourceTree = "<group>"; };
		52D9C3242B45F9530059BB68 /* Poppins-Bold.ttf */ = {isa = PBXFileReference; lastKnownFileType = file; path = "Poppins-Bold.ttf"; sourceTree = "<group>"; };
		67E7196309DD6473A7944F89 /* Pods-WonderPushNotificationServiceExtension.debug.xcconfig */ = {isa = PBXFileReference; includeInIndex = 1; lastKnownFileType = text.xcconfig; name = "Pods-WonderPushNotificationServiceExtension.debug.xcconfig"; path = "Target Support Files/Pods-WonderPushNotificationServiceExtension/Pods-WonderPushNotificationServiceExtension.debug.xcconfig"; sourceTree = "<group>"; };
		69F2C356F978AFE39C9D3DBF /* libPods-WonderPushNotificationServiceExtension.a */ = {isa = PBXFileReference; explicitFileType = archive.ar; includeInIndex = 0; path = "libPods-WonderPushNotificationServiceExtension.a"; sourceTree = BUILT_PRODUCTS_DIR; };
		76E0518E6652C64F987941C4 /* Pods-WonderPushNotificationServiceExtension.release.xcconfig */ = {isa = PBXFileReference; includeInIndex = 1; lastKnownFileType = text.xcconfig; name = "Pods-WonderPushNotificationServiceExtension.release.xcconfig"; path = "Target Support Files/Pods-WonderPushNotificationServiceExtension/Pods-WonderPushNotificationServiceExtension.release.xcconfig"; sourceTree = "<group>"; };
		96AC503C26CE77F100994B58 /* PTSans-Italic.ttf */ = {isa = PBXFileReference; lastKnownFileType = file; path = "PTSans-Italic.ttf"; sourceTree = "<group>"; };
		96AC503D26CE77F100994B58 /* PTSans-Regular.ttf */ = {isa = PBXFileReference; lastKnownFileType = file; path = "PTSans-Regular.ttf"; sourceTree = "<group>"; };
		96AC503E26CE77F100994B58 /* PTSans-Bold.ttf */ = {isa = PBXFileReference; lastKnownFileType = file; path = "PTSans-Bold.ttf"; sourceTree = "<group>"; };
		96AC503F26CE77F100994B58 /* PTSans-BoldItalic.ttf */ = {isa = PBXFileReference; lastKnownFileType = file; path = "PTSans-BoldItalic.ttf"; sourceTree = "<group>"; };
		A42946CC264A8E9D004B6001 /* VIPRawyRegular.otf */ = {isa = PBXFileReference; lastKnownFileType = file; path = VIPRawyRegular.otf; sourceTree = "<group>"; };
		A42946CD264A8E9D004B6001 /* VIPRawyBold.otf */ = {isa = PBXFileReference; lastKnownFileType = file; path = VIPRawyBold.otf; sourceTree = "<group>"; };
		A462899C26EFBCEF00D1C2B6 /* WonderPushNotificationServiceExtension.appex */ = {isa = PBXFileReference; explicitFileType = "wrapper.app-extension"; includeInIndex = 0; path = WonderPushNotificationServiceExtension.appex; sourceTree = BUILT_PRODUCTS_DIR; };
		A462899E26EFBCEF00D1C2B6 /* NotificationService.h */ = {isa = PBXFileReference; lastKnownFileType = sourcecode.c.h; path = NotificationService.h; sourceTree = "<group>"; };
		A462899F26EFBCEF00D1C2B6 /* NotificationService.m */ = {isa = PBXFileReference; lastKnownFileType = sourcecode.c.objc; path = NotificationService.m; sourceTree = "<group>"; };
		A46289A126EFBCEF00D1C2B6 /* Info.plist */ = {isa = PBXFileReference; lastKnownFileType = text.plist.xml; path = Info.plist; sourceTree = "<group>"; };
		A487599C26F8E2B700F58A76 /* WonderPushNotificationServiceExtension.entitlements */ = {isa = PBXFileReference; lastKnownFileType = text.plist.entitlements; path = WonderPushNotificationServiceExtension.entitlements; sourceTree = "<group>"; };
		D275CFA8B4DA73FA88CDDCC3 /* libPods-SNPINews.a */ = {isa = PBXFileReference; explicitFileType = archive.ar; includeInIndex = 0; path = "libPods-SNPINews.a"; sourceTree = BUILT_PRODUCTS_DIR; };
		DD5CE003F22E0F06CAABC568 /* Pods-SNPINews.release.xcconfig */ = {isa = PBXFileReference; includeInIndex = 1; lastKnownFileType = text.xcconfig; name = "Pods-SNPINews.release.xcconfig"; path = "Target Support Files/Pods-SNPINews/Pods-SNPINews.release.xcconfig"; sourceTree = "<group>"; };
		ED297162215061F000B7C4FE /* JavaScriptCore.framework */ = {isa = PBXFileReference; lastKnownFileType = wrapper.framework; name = JavaScriptCore.framework; path = System/Library/Frameworks/JavaScriptCore.framework; sourceTree = SDKROOT; };
		ED2971642150620600B7C4FE /* JavaScriptCore.framework */ = {isa = PBXFileReference; lastKnownFileType = wrapper.framework; name = JavaScriptCore.framework; path = Platforms/AppleTVOS.platform/Developer/SDKs/AppleTVOS12.0.sdk/System/Library/Frameworks/JavaScriptCore.framework; sourceTree = DEVELOPER_DIR; };
/* End PBXFileReference section */

/* Begin PBXFrameworksBuildPhase section */
		13B07F8C1A680F5B00A75B9A /* Frameworks */ = {
			isa = PBXFrameworksBuildPhase;
			buildActionMask = 2147483647;
			files = (
				5F3E9471D4C53FEE2B1C131C /* libPods-SNPINews.a in Frameworks */,
			);
			runOnlyForDeploymentPostprocessing = 0;
		};
		A462899926EFBCEF00D1C2B6 /* Frameworks */ = {
			isa = PBXFrameworksBuildPhase;
			buildActionMask = 2147483647;
			files = (
				33CEE1F32D2FC36572015F0C /* libPods-WonderPushNotificationServiceExtension.a in Frameworks */,
			);
			runOnlyForDeploymentPostprocessing = 0;
		};
/* End PBXFrameworksBuildPhase section */

/* Begin PBXGroup section */
		04C4ADD525CC044F0054B27A /* Resources */ = {
			isa = PBXGroup;
			children = (
				520B1BFD2B45DC81008E34D2 /* Poppins-ExtraLight.ttf */,
				520B1BFE2B45DC81008E34D2 /* Poppins-Light.ttf */,
				52D9C3242B45F9530059BB68 /* Poppins-Bold.ttf */,
				A42946CD264A8E9D004B6001 /* VIPRawyBold.otf */,
				A42946CC264A8E9D004B6001 /* VIPRawyRegular.otf */,
				0440293125FF73E0004B0AD5 /* ProximaNovaExtrabold.otf */,
				04C4AE0525CC05FA0054B27A /* Metropolis-Bold.otf */,
				04C4AE0425CC05FA0054B27A /* Metropolis-Medium.otf */,
				04C4AE0225CC05FA0054B27A /* Metropolis-Regular.otf */,
				04C4AE0325CC05FA0054B27A /* Metropolis-SemiBold.otf */,
				04C4ADDE25CC046B0054B27A /* AntDesign.ttf */,
				96AC503E26CE77F100994B58 /* PTSans-Bold.ttf */,
				96AC503F26CE77F100994B58 /* PTSans-BoldItalic.ttf */,
				96AC503C26CE77F100994B58 /* PTSans-Italic.ttf */,
				96AC503D26CE77F100994B58 /* PTSans-Regular.ttf */,
				04C4ADE425CC046C0054B27A /* Entypo.ttf */,
				04C4ADDC25CC046A0054B27A /* EvilIcons.ttf */,
				04C4ADE125CC046B0054B27A /* Feather.ttf */,
				04C4ADDB25CC046A0054B27A /* FontAwesome.ttf */,
				04C4ADE325CC046C0054B27A /* Fontisto.ttf */,
				04C4ADDF25CC046B0054B27A /* Foundation.ttf */,
				04C4ADE225CC046C0054B27A /* Ionicons.ttf */,
				04C4ADD925CC046A0054B27A /* MaterialCommunityIcons.ttf */,
				04C4ADD725CC04690054B27A /* MaterialIcons.ttf */,
				04C4ADDA25CC046A0054B27A /* Octicons.ttf */,
				04C4ADE025CC046B0054B27A /* Roboto_medium.ttf */,
				04C4ADE525CC046C0054B27A /* Roboto.ttf */,
				04C4ADD625CC04690054B27A /* rubicon-icon-font.ttf */,
				04C4ADD825CC04690054B27A /* SimpleLineIcons.ttf */,
				04C4ADDD25CC046B0054B27A /* Zocial.ttf */,
			);
			path = Resources;
			sourceTree = "<group>";
		};
		13B07FAE1A68108700A75B9A /* SNPINews */ = {
			isa = PBXGroup;
			children = (
				04C4ADC525CBFAE50054B27A /* SNPINews.entitlements */,
				008F07F21AC5B25A0029DE68 /* main.jsbundle */,
				13B07FAF1A68108700A75B9A /* AppDelegate.h */,
				13B07FB01A68108700A75B9A /* AppDelegate.m */,
				13B07FB51A68108700A75B9A /* Images.xcassets */,
				13B07FB61A68108700A75B9A /* Info.plist */,
				13B07FB71A68108700A75B9A /* main.m */,
				049C5EA625DEC60B003673A9 /* File.swift */,
			);
			name = SNPINews;
			sourceTree = "<group>";
		};
		2D16E6871FA4F8E400B85C8A /* Frameworks */ = {
			isa = PBXGroup;
			children = (
				ED297162215061F000B7C4FE /* JavaScriptCore.framework */,
				ED2971642150620600B7C4FE /* JavaScriptCore.framework */,
				D275CFA8B4DA73FA88CDDCC3 /* libPods-SNPINews.a */,
				69F2C356F978AFE39C9D3DBF /* libPods-WonderPushNotificationServiceExtension.a */,
			);
			name = Frameworks;
			sourceTree = "<group>";
		};
		832341AE1AAA6A7D00B99B32 /* Libraries */ = {
			isa = PBXGroup;
			children = (
			);
			name = Libraries;
			sourceTree = "<group>";
		};
		83CBB9F61A601CBA00E9B192 = {
			isa = PBXGroup;
			children = (
				A462899D26EFBCEF00D1C2B6 /* WonderPushNotificationServiceExtension */,
				04C4ADD525CC044F0054B27A /* Resources */,
				13B07FAE1A68108700A75B9A /* SNPINews */,
				832341AE1AAA6A7D00B99B32 /* Libraries */,
				83CBBA001A601CBA00E9B192 /* Products */,
				2D16E6871FA4F8E400B85C8A /* Frameworks */,
				A513EF4D499858C0223D9A15 /* Pods */,
			);
			indentWidth = 2;
			sourceTree = "<group>";
			tabWidth = 2;
			usesTabs = 0;
		};
		83CBBA001A601CBA00E9B192 /* Products */ = {
			isa = PBXGroup;
			children = (
				13B07F961A680F5B00A75B9A /* SNPINews.app */,
				A462899C26EFBCEF00D1C2B6 /* WonderPushNotificationServiceExtension.appex */,
			);
			name = Products;
			sourceTree = "<group>";
		};
		A462899D26EFBCEF00D1C2B6 /* WonderPushNotificationServiceExtension */ = {
			isa = PBXGroup;
			children = (
				A487599C26F8E2B700F58A76 /* WonderPushNotificationServiceExtension.entitlements */,
				A462899E26EFBCEF00D1C2B6 /* NotificationService.h */,
				A462899F26EFBCEF00D1C2B6 /* NotificationService.m */,
				A46289A126EFBCEF00D1C2B6 /* Info.plist */,
			);
			path = WonderPushNotificationServiceExtension;
			sourceTree = "<group>";
		};
		A513EF4D499858C0223D9A15 /* Pods */ = {
			isa = PBXGroup;
			children = (
				04C4ADCE25CC042C0054B27A /* ios */,
				36D97E721F726A046EA82EB5 /* Pods-SNPINews.debug.xcconfig */,
				DD5CE003F22E0F06CAABC568 /* Pods-SNPINews.release.xcconfig */,
				67E7196309DD6473A7944F89 /* Pods-WonderPushNotificationServiceExtension.debug.xcconfig */,
				76E0518E6652C64F987941C4 /* Pods-WonderPushNotificationServiceExtension.release.xcconfig */,
			);
			path = Pods;
			sourceTree = "<group>";
		};
/* End PBXGroup section */

/* Begin PBXNativeTarget section */
		13B07F861A680F5B00A75B9A /* SNPINews */ = {
			isa = PBXNativeTarget;
			buildConfigurationList = 13B07F931A680F5B00A75B9A /* Build configuration list for PBXNativeTarget "SNPINews" */;
			buildPhases = (
				BFDAADC7F01BD7A7996B7C12 /* [CP] Check Pods Manifest.lock */,
				FD10A7F022414F080027D42C /* Start Packager */,
				13B07F871A680F5B00A75B9A /* Sources */,
				13B07F8C1A680F5B00A75B9A /* Frameworks */,
				13B07F8E1A680F5B00A75B9A /* Resources */,
				00DD1BFF1BD5951E006B06BC /* Bundle React Native code and images */,
				A46289A526EFBCEF00D1C2B6 /* Embed App Extensions */,
				7ABE42B03212F3717AB04733 /* [CP] Copy Pods Resources */,
			);
			buildRules = (
			);
			dependencies = (
				A46289A326EFBCEF00D1C2B6 /* PBXTargetDependency */,
			);
			name = SNPINews;
			productName = SNPINews;
			productReference = 13B07F961A680F5B00A75B9A /* SNPINews.app */;
			productType = "com.apple.product-type.application";
		};
		A462899B26EFBCEF00D1C2B6 /* WonderPushNotificationServiceExtension */ = {
			isa = PBXNativeTarget;
			buildConfigurationList = A46289A926EFBCEF00D1C2B6 /* Build configuration list for PBXNativeTarget "WonderPushNotificationServiceExtension" */;
			buildPhases = (
				8D170636CC4D18E6BA5A7498 /* [CP] Check Pods Manifest.lock */,
				A462899826EFBCEF00D1C2B6 /* Sources */,
				A462899926EFBCEF00D1C2B6 /* Frameworks */,
				A462899A26EFBCEF00D1C2B6 /* Resources */,
				7049700D9EFBA0615C4BD991 /* [CP] Copy Pods Resources */,
			);
			buildRules = (
			);
			dependencies = (
			);
			name = WonderPushNotificationServiceExtension;
			productName = WonderPushNotificationServiceExtension;
			productReference = A462899C26EFBCEF00D1C2B6 /* WonderPushNotificationServiceExtension.appex */;
			productType = "com.apple.product-type.app-extension";
		};
/* End PBXNativeTarget section */

/* Begin PBXProject section */
		83CBB9F71A601CBA00E9B192 /* Project object */ = {
			isa = PBXProject;
			attributes = {
				LastUpgradeCheck = 1320;
				TargetAttributes = {
					13B07F861A680F5B00A75B9A = {
						LastSwiftMigration = 1240;
						ProvisioningStyle = Automatic;
					};
					A462899B26EFBCEF00D1C2B6 = {
						CreatedOnToolsVersion = 12.4;
					};
				};
			};
			buildConfigurationList = 83CBB9FA1A601CBA00E9B192 /* Build configuration list for PBXProject "SNPINews" */;
			compatibilityVersion = "Xcode 11.0";
			developmentRegion = en;
			hasScannedForEncodings = 0;
			knownRegions = (
				en,
				Base,
			);
			mainGroup = 83CBB9F61A601CBA00E9B192;
			productRefGroup = 83CBBA001A601CBA00E9B192 /* Products */;
			projectDirPath = "";
			projectRoot = "";
			targets = (
				13B07F861A680F5B00A75B9A /* SNPINews */,
				A462899B26EFBCEF00D1C2B6 /* WonderPushNotificationServiceExtension */,
			);
		};
/* End PBXProject section */

/* Begin PBXResourcesBuildPhase section */
		13B07F8E1A680F5B00A75B9A /* Resources */ = {
			isa = PBXResourcesBuildPhase;
			buildActionMask = 2147483647;
			files = (
				04C4AE0625CC05FA0054B27A /* Metropolis-Regular.otf in Resources */,
				52D9C3252B45F9530059BB68 /* Poppins-Bold.ttf in Resources */,
				520B1C002B45DC81008E34D2 /* Poppins-Light.ttf in Resources */,
				04C4AE0825CC05FA0054B27A /* Metropolis-Medium.otf in Resources */,
				04C4AE0725CC05FA0054B27A /* Metropolis-SemiBold.otf in Resources */,
				04C4ADF525CC04B90054B27A /* Roboto_medium.ttf in Resources */,
				520B1BFF2B45DC81008E34D2 /* Poppins-ExtraLight.ttf in Resources */,
				04C4ADF625CC04B90054B27A /* Roboto.ttf in Resources */,
				04C4ADF725CC04B90054B27A /* rubicon-icon-font.ttf in Resources */,
				96AC504026CE77F600994B58 /* PTSans-Bold.ttf in Resources */,
				96AC504626CE77FA00994B58 /* PTSans-Italic.ttf in Resources */,
				96AC504B26CE77FC00994B58 /* PTSans-Regular.ttf in Resources */,
				96AC504526CE77F800994B58 /* PTSans-BoldItalic.ttf in Resources */,
				13B07FBF1A68108700A75B9A /* Images.xcassets in Resources */,
				0440293225FF73E0004B0AD5 /* ProximaNovaExtrabold.otf in Resources */,
				A42946CE264A8E9D004B6001 /* VIPRawyRegular.otf in Resources */,
				A42946CF264A8E9D004B6001 /* VIPRawyBold.otf in Resources */,
				04C4AE0925CC05FB0054B27A /* Metropolis-Bold.otf in Resources */,
			);
			runOnlyForDeploymentPostprocessing = 0;
		};
		A462899A26EFBCEF00D1C2B6 /* Resources */ = {
			isa = PBXResourcesBuildPhase;
			buildActionMask = 2147483647;
			files = (
			);
			runOnlyForDeploymentPostprocessing = 0;
		};
/* End PBXResourcesBuildPhase section */

/* Begin PBXShellScriptBuildPhase section */
		00DD1BFF1BD5951E006B06BC /* Bundle React Native code and images */ = {
			isa = PBXShellScriptBuildPhase;
			buildActionMask = 2147483647;
			files = (
			);
			inputPaths = (
			);
			name = "Bundle React Native code and images";
			outputPaths = (
			);
			runOnlyForDeploymentPostprocessing = 0;
			shellPath = /bin/sh;
			shellScript = "export NODE_BINARY=node\n../node_modules/react-native/scripts/react-native-xcode.sh\n";
		};
		7049700D9EFBA0615C4BD991 /* [CP] Copy Pods Resources */ = {
			isa = PBXShellScriptBuildPhase;
			buildActionMask = 2147483647;
			files = (
			);
			inputFileListPaths = (
				"${PODS_ROOT}/Target Support Files/Pods-WonderPushNotificationServiceExtension/Pods-WonderPushNotificationServiceExtension-resources-${CONFIGURATION}-input-files.xcfilelist",
			);
			name = "[CP] Copy Pods Resources";
			outputFileListPaths = (
				"${PODS_ROOT}/Target Support Files/Pods-WonderPushNotificationServiceExtension/Pods-WonderPushNotificationServiceExtension-resources-${CONFIGURATION}-output-files.xcfilelist",
			);
			runOnlyForDeploymentPostprocessing = 0;
			shellPath = /bin/sh;
			shellScript = "\"${PODS_ROOT}/Target Support Files/Pods-WonderPushNotificationServiceExtension/Pods-WonderPushNotificationServiceExtension-resources.sh\"\n";
			showEnvVarsInLog = 0;
		};
		7ABE42B03212F3717AB04733 /* [CP] Copy Pods Resources */ = {
			isa = PBXShellScriptBuildPhase;
			buildActionMask = 2147483647;
			files = (
			);
			inputFileListPaths = (
				"${PODS_ROOT}/Target Support Files/Pods-SNPINews/Pods-SNPINews-resources-${CONFIGURATION}-input-files.xcfilelist",
			);
			name = "[CP] Copy Pods Resources";
			outputFileListPaths = (
				"${PODS_ROOT}/Target Support Files/Pods-SNPINews/Pods-SNPINews-resources-${CONFIGURATION}-output-files.xcfilelist",
			);
			runOnlyForDeploymentPostprocessing = 0;
			shellPath = /bin/sh;
			shellScript = "\"${PODS_ROOT}/Target Support Files/Pods-SNPINews/Pods-SNPINews-resources.sh\"\n";
			showEnvVarsInLog = 0;
		};
		8D170636CC4D18E6BA5A7498 /* [CP] Check Pods Manifest.lock */ = {
			isa = PBXShellScriptBuildPhase;
			buildActionMask = 2147483647;
			files = (
			);
			inputFileListPaths = (
			);
			inputPaths = (
				"${PODS_PODFILE_DIR_PATH}/Podfile.lock",
				"${PODS_ROOT}/Manifest.lock",
			);
			name = "[CP] Check Pods Manifest.lock";
			outputFileListPaths = (
			);
			outputPaths = (
				"$(DERIVED_FILE_DIR)/Pods-WonderPushNotificationServiceExtension-checkManifestLockResult.txt",
			);
			runOnlyForDeploymentPostprocessing = 0;
			shellPath = /bin/sh;
			shellScript = "diff \"${PODS_PODFILE_DIR_PATH}/Podfile.lock\" \"${PODS_ROOT}/Manifest.lock\" > /dev/null\nif [ $? != 0 ] ; then\n    # print error to STDERR\n    echo \"error: The sandbox is not in sync with the Podfile.lock. Run 'pod install' or update your CocoaPods installation.\" >&2\n    exit 1\nfi\n# This output is used by Xcode 'outputs' to avoid re-running this script phase.\necho \"SUCCESS\" > \"${SCRIPT_OUTPUT_FILE_0}\"\n";
			showEnvVarsInLog = 0;
		};
		BFDAADC7F01BD7A7996B7C12 /* [CP] Check Pods Manifest.lock */ = {
			isa = PBXShellScriptBuildPhase;
			buildActionMask = 2147483647;
			files = (
			);
			inputFileListPaths = (
			);
			inputPaths = (
				"${PODS_PODFILE_DIR_PATH}/Podfile.lock",
				"${PODS_ROOT}/Manifest.lock",
			);
			name = "[CP] Check Pods Manifest.lock";
			outputFileListPaths = (
			);
			outputPaths = (
				"$(DERIVED_FILE_DIR)/Pods-SNPINews-checkManifestLockResult.txt",
			);
			runOnlyForDeploymentPostprocessing = 0;
			shellPath = /bin/sh;
			shellScript = "diff \"${PODS_PODFILE_DIR_PATH}/Podfile.lock\" \"${PODS_ROOT}/Manifest.lock\" > /dev/null\nif [ $? != 0 ] ; then\n    # print error to STDERR\n    echo \"error: The sandbox is not in sync with the Podfile.lock. Run 'pod install' or update your CocoaPods installation.\" >&2\n    exit 1\nfi\n# This output is used by Xcode 'outputs' to avoid re-running this script phase.\necho \"SUCCESS\" > \"${SCRIPT_OUTPUT_FILE_0}\"\n";
			showEnvVarsInLog = 0;
		};
		FD10A7F022414F080027D42C /* Start Packager */ = {
			isa = PBXShellScriptBuildPhase;
			buildActionMask = 2147483647;
			files = (
			);
			inputFileListPaths = (
			);
			inputPaths = (
			);
			name = "Start Packager";
			outputFileListPaths = (
			);
			outputPaths = (
			);
			runOnlyForDeploymentPostprocessing = 0;
			shellPath = /bin/sh;
			shellScript = "export RCT_METRO_PORT=\"${RCT_METRO_PORT:=8081}\"\necho \"export RCT_METRO_PORT=${RCT_METRO_PORT}\" > \"${SRCROOT}/../node_modules/react-native/scripts/.packager.env\"\nif [ -z \"${RCT_NO_LAUNCH_PACKAGER+xxx}\" ] ; then\n  if nc -w 5 -z localhost ${RCT_METRO_PORT} ; then\n    if ! curl -s \"http://localhost:${RCT_METRO_PORT}/status\" | grep -q \"packager-status:running\" ; then\n      echo \"Port ${RCT_METRO_PORT} already in use, packager is either not running or not running correctly\"\n      exit 2\n    fi\n  else\n    open \"$SRCROOT/../node_modules/react-native/scripts/launchPackager.command\" || echo \"Can't start packager automatically\"\n  fi\nfi\n";
			showEnvVarsInLog = 0;
		};
/* End PBXShellScriptBuildPhase section */

/* Begin PBXSourcesBuildPhase section */
		13B07F871A680F5B00A75B9A /* Sources */ = {
			isa = PBXSourcesBuildPhase;
			buildActionMask = 2147483647;
			files = (
				13B07FBC1A68108700A75B9A /* AppDelegate.m in Sources */,
				049C5EA725DEC60B003673A9 /* File.swift in Sources */,
				13B07FC11A68108700A75B9A /* main.m in Sources */,
			);
			runOnlyForDeploymentPostprocessing = 0;
		};
		A462899826EFBCEF00D1C2B6 /* Sources */ = {
			isa = PBXSourcesBuildPhase;
			buildActionMask = 2147483647;
			files = (
				A46289A026EFBCEF00D1C2B6 /* NotificationService.m in Sources */,
			);
			runOnlyForDeploymentPostprocessing = 0;
		};
/* End PBXSourcesBuildPhase section */

/* Begin PBXTargetDependency section */
		A46289A326EFBCEF00D1C2B6 /* PBXTargetDependency */ = {
			isa = PBXTargetDependency;
			target = A462899B26EFBCEF00D1C2B6 /* WonderPushNotificationServiceExtension */;
			targetProxy = A46289A226EFBCEF00D1C2B6 /* PBXContainerItemProxy */;
		};
/* End PBXTargetDependency section */

/* Begin XCBuildConfiguration section */
		13B07F941A680F5B00A75B9A /* Debug */ = {
			isa = XCBuildConfiguration;
			baseConfigurationReference = 36D97E721F726A046EA82EB5 /* Pods-SNPINews.debug.xcconfig */;
			buildSettings = {
				ASSETCATALOG_COMPILER_APPICON_NAME = AppIcon;
				ASSETCATALOG_COMPILER_LAUNCHIMAGE_NAME = LaunchImage;
				CLANG_ENABLE_MODULES = YES;
				CLANG_WARN_QUOTED_INCLUDE_IN_FRAMEWORK_HEADER = "$(inherited)";
				CODEPUSH_KEY = "";
				CODE_SIGN_ENTITLEMENTS = SNPINews/SNPINews.entitlements;
				CODE_SIGN_IDENTITY = "Apple Development";
				CODE_SIGN_STYLE = Automatic;
				CURRENT_PROJECT_VERSION = 1;
				DEVELOPMENT_TEAM = 87A8FNW358;
				ENABLE_BITCODE = NO;
				INFOPLIST_FILE = SNPINews/info.plist;
				LD_RUNPATH_SEARCH_PATHS = (
					"$(inherited)",
					"@executable_path/Frameworks",
				);
				MARKETING_VERSION = 2.0.0;
				NODE_OPTIONS = "--openssl-legacy-provider";
				OTHER_LDFLAGS = (
					"$(inherited)",
					"-ObjC",
					"-lc++",
				);
				PRODUCT_BUNDLE_IDENTIFIER = com.snpi.news;
				PRODUCT_NAME = SNPINews;
				PROVISIONING_PROFILE_SPECIFIER = "";
				SWIFT_OPTIMIZATION_LEVEL = "-Onone";
				SWIFT_VERSION = 5.0;
				VERSIONING_SYSTEM = "apple-generic";
			};
			name = Debug;
		};
		13B07F951A680F5B00A75B9A /* Release */ = {
			isa = XCBuildConfiguration;
			baseConfigurationReference = DD5CE003F22E0F06CAABC568 /* Pods-SNPINews.release.xcconfig */;
			buildSettings = {
				ASSETCATALOG_COMPILER_APPICON_NAME = AppIcon;
				ASSETCATALOG_COMPILER_LAUNCHIMAGE_NAME = LaunchImage;
				CLANG_ENABLE_MODULES = YES;
				CLANG_WARN_QUOTED_INCLUDE_IN_FRAMEWORK_HEADER = "$(inherited)";
				CODEPUSH_KEY = "1uDwy4b3KPaZxRQBkiK77K7rgwVCTB-wdlbP6";
				CODE_SIGN_ENTITLEMENTS = SNPINews/SNPINews.entitlements;
				CODE_SIGN_IDENTITY = "Apple Development";
				CODE_SIGN_STYLE = Automatic;
				CURRENT_PROJECT_VERSION = 1;
				DEVELOPMENT_TEAM = 87A8FNW358;
				INFOPLIST_FILE = SNPINews/info.plist;
				LD_RUNPATH_SEARCH_PATHS = (
					"$(inherited)",
					"@executable_path/Frameworks",
				);
				MARKETING_VERSION = 2.0.0;
				OTHER_LDFLAGS = (
					"$(inherited)",
					"-ObjC",
					"-lc++",
				);
				PRODUCT_BUNDLE_IDENTIFIER = com.snpi.news;
				PRODUCT_NAME = SNPINews;
				PROVISIONING_PROFILE_SPECIFIER = "";
				SWIFT_VERSION = 5.0;
				VERSIONING_SYSTEM = "apple-generic";
			};
			name = Release;
		};
		83CBBA201A601CBA00E9B192 /* Debug */ = {
			isa = XCBuildConfiguration;
			buildSettings = {
				ALWAYS_SEARCH_USER_PATHS = NO;
				CLANG_ANALYZER_LOCALIZABILITY_NONLOCALIZED = YES;
				CLANG_CXX_LANGUAGE_STANDARD = "gnu++0x";
				CLANG_CXX_LIBRARY = "libc++";
				CLANG_ENABLE_MODULES = YES;
				CLANG_ENABLE_OBJC_ARC = YES;
				CLANG_WARN_BLOCK_CAPTURE_AUTORELEASING = YES;
				CLANG_WARN_BOOL_CONVERSION = YES;
				CLANG_WARN_COMMA = YES;
				CLANG_WARN_CONSTANT_CONVERSION = YES;
				CLANG_WARN_DEPRECATED_OBJC_IMPLEMENTATIONS = YES;
				CLANG_WARN_DIRECT_OBJC_ISA_USAGE = YES_ERROR;
				CLANG_WARN_EMPTY_BODY = YES;
				CLANG_WARN_ENUM_CONVERSION = YES;
				CLANG_WARN_INFINITE_RECURSION = YES;
				CLANG_WARN_INT_CONVERSION = YES;
				CLANG_WARN_NON_LITERAL_NULL_CONVERSION = YES;
				CLANG_WARN_OBJC_IMPLICIT_RETAIN_SELF = YES;
				CLANG_WARN_OBJC_LITERAL_CONVERSION = YES;
				CLANG_WARN_OBJC_ROOT_CLASS = YES_ERROR;
				CLANG_WARN_QUOTED_INCLUDE_IN_FRAMEWORK_HEADER = YES;
				CLANG_WARN_RANGE_LOOP_ANALYSIS = YES;
				CLANG_WARN_STRICT_PROTOTYPES = YES;
				CLANG_WARN_SUSPICIOUS_MOVE = YES;
				CLANG_WARN_UNREACHABLE_CODE = YES;
				CLANG_WARN__DUPLICATE_METHOD_MATCH = YES;
				CODEPUSH_KEY = "";
				"CODE_SIGN_IDENTITY[sdk=iphoneos*]" = "iPhone Developer";
				COPY_PHASE_STRIP = NO;
				ENABLE_STRICT_OBJC_MSGSEND = YES;
				ENABLE_TESTABILITY = YES;
				EXCLUDED_ARCHS = arm64;
				"EXCLUDED_ARCHS[sdk=iphonesimulator*]" = arm64;
				GCC_C_LANGUAGE_STANDARD = gnu99;
				GCC_DYNAMIC_NO_PIC = NO;
				GCC_NO_COMMON_BLOCKS = YES;
				GCC_OPTIMIZATION_LEVEL = 0;
				GCC_PREPROCESSOR_DEFINITIONS = (
					"DEBUG=1",
					"$(inherited)",
				);
				GCC_SYMBOLS_PRIVATE_EXTERN = NO;
				GCC_WARN_64_TO_32_BIT_CONVERSION = YES;
				GCC_WARN_ABOUT_RETURN_TYPE = YES_ERROR;
				GCC_WARN_UNDECLARED_SELECTOR = YES;
				GCC_WARN_UNINITIALIZED_AUTOS = YES_AGGRESSIVE;
				GCC_WARN_UNUSED_FUNCTION = YES;
				GCC_WARN_UNUSED_VARIABLE = YES;
				IPHONEOS_DEPLOYMENT_TARGET = 13.0;
				LD_RUNPATH_SEARCH_PATHS = (
					/usr/lib/swift,
					"$(inherited)",
				);
				LIBRARY_SEARCH_PATHS = (
					"\"$(TOOLCHAIN_DIR)/usr/lib/swift/$(PLATFORM_NAME)\"",
					"\"$(TOOLCHAIN_DIR)/usr/lib/swift-5.0/$(PLATFORM_NAME)\"",
					"\"$(inherited)\"",
				);
				MTL_ENABLE_DEBUG_INFO = YES;
				Multi_Deployment_Config = "";
				ONLY_ACTIVE_ARCH = YES;
				SDKROOT = iphoneos;
			};
			name = Debug;
		};
		83CBBA211A601CBA00E9B192 /* Release */ = {
			isa = XCBuildConfiguration;
			buildSettings = {
				ALWAYS_SEARCH_USER_PATHS = NO;
				CLANG_ANALYZER_LOCALIZABILITY_NONLOCALIZED = YES;
				CLANG_CXX_LANGUAGE_STANDARD = "gnu++0x";
				CLANG_CXX_LIBRARY = "libc++";
				CLANG_ENABLE_MODULES = YES;
				CLANG_ENABLE_OBJC_ARC = YES;
				CLANG_WARN_BLOCK_CAPTURE_AUTORELEASING = YES;
				CLANG_WARN_BOOL_CONVERSION = YES;
				CLANG_WARN_COMMA = YES;
				CLANG_WARN_CONSTANT_CONVERSION = YES;
				CLANG_WARN_DEPRECATED_OBJC_IMPLEMENTATIONS = YES;
				CLANG_WARN_DIRECT_OBJC_ISA_USAGE = YES_ERROR;
				CLANG_WARN_EMPTY_BODY = YES;
				CLANG_WARN_ENUM_CONVERSION = YES;
				CLANG_WARN_INFINITE_RECURSION = YES;
				CLANG_WARN_INT_CONVERSION = YES;
				CLANG_WARN_NON_LITERAL_NULL_CONVERSION = YES;
				CLANG_WARN_OBJC_IMPLICIT_RETAIN_SELF = YES;
				CLANG_WARN_OBJC_LITERAL_CONVERSION = YES;
				CLANG_WARN_OBJC_ROOT_CLASS = YES_ERROR;
				CLANG_WARN_QUOTED_INCLUDE_IN_FRAMEWORK_HEADER = YES;
				CLANG_WARN_RANGE_LOOP_ANALYSIS = YES;
				CLANG_WARN_STRICT_PROTOTYPES = YES;
				CLANG_WARN_SUSPICIOUS_MOVE = YES;
				CLANG_WARN_UNREACHABLE_CODE = YES;
				CLANG_WARN__DUPLICATE_METHOD_MATCH = YES;
				CODEPUSH_KEY = "";
				"CODE_SIGN_IDENTITY[sdk=iphoneos*]" = "iPhone Developer";
				COPY_PHASE_STRIP = YES;
				ENABLE_NS_ASSERTIONS = NO;
				ENABLE_STRICT_OBJC_MSGSEND = YES;
				EXCLUDED_ARCHS = arm64;
				"EXCLUDED_ARCHS[sdk=iphonesimulator*]" = arm64;
				GCC_C_LANGUAGE_STANDARD = gnu99;
				GCC_NO_COMMON_BLOCKS = YES;
				GCC_WARN_64_TO_32_BIT_CONVERSION = YES;
				GCC_WARN_ABOUT_RETURN_TYPE = YES_ERROR;
				GCC_WARN_UNDECLARED_SELECTOR = YES;
				GCC_WARN_UNINITIALIZED_AUTOS = YES_AGGRESSIVE;
				GCC_WARN_UNUSED_FUNCTION = YES;
				GCC_WARN_UNUSED_VARIABLE = YES;
				IPHONEOS_DEPLOYMENT_TARGET = 13.0;
				LD_RUNPATH_SEARCH_PATHS = (
					/usr/lib/swift,
					"$(inherited)",
				);
				LIBRARY_SEARCH_PATHS = (
					"\"$(TOOLCHAIN_DIR)/usr/lib/swift/$(PLATFORM_NAME)\"",
					"\"$(TOOLCHAIN_DIR)/usr/lib/swift-5.0/$(PLATFORM_NAME)\"",
					"\"$(inherited)\"",
				);
				MTL_ENABLE_DEBUG_INFO = NO;
				Multi_Deployment_Config = "$(BUILD_DIR)/Release$(EFFECTIVE_PLATFORM_NAME)";
				ONLY_ACTIVE_ARCH = YES;
				SDKROOT = iphoneos;
				SWIFT_COMPILATION_MODE = wholemodule;
				VALIDATE_PRODUCT = YES;
			};
			name = Release;
		};
		A46289A626EFBCEF00D1C2B6 /* Debug */ = {
			isa = XCBuildConfiguration;
			baseConfigurationReference = 67E7196309DD6473A7944F89 /* Pods-WonderPushNotificationServiceExtension.debug.xcconfig */;
			buildSettings = {
				CLANG_ANALYZER_NONNULL = YES;
				CLANG_ANALYZER_NUMBER_OBJECT_CONVERSION = YES_AGGRESSIVE;
				CLANG_CXX_LANGUAGE_STANDARD = "gnu++14";
				CLANG_ENABLE_OBJC_WEAK = YES;
				CLANG_WARN_DOCUMENTATION_COMMENTS = YES;
				CLANG_WARN_QUOTED_INCLUDE_IN_FRAMEWORK_HEADER = "$(inherited)";
				CLANG_WARN_UNGUARDED_AVAILABILITY = YES_AGGRESSIVE;
				CODE_SIGN_ENTITLEMENTS = WonderPushNotificationServiceExtension/WonderPushNotificationServiceExtension.entitlements;
				CODE_SIGN_IDENTITY = "Apple Development";
				CODE_SIGN_STYLE = Automatic;
				DEBUG_INFORMATION_FORMAT = dwarf;
				DEVELOPMENT_TEAM = 87A8FNW358;
				GCC_C_LANGUAGE_STANDARD = gnu11;
				INFOPLIST_FILE = WonderPushNotificationServiceExtension/Info.plist;
				IPHONEOS_DEPLOYMENT_TARGET = 13.0;
				LD_RUNPATH_SEARCH_PATHS = (
					"$(inherited)",
					"@executable_path/Frameworks",
					"@executable_path/../../Frameworks",
				);
				MARKETING_VERSION = 1.0.0;
				MTL_ENABLE_DEBUG_INFO = INCLUDE_SOURCE;
				MTL_FAST_MATH = YES;
				PRODUCT_BUNDLE_IDENTIFIER = com.snpi.news.WonderPushNotificationExtension;
				PRODUCT_NAME = "$(TARGET_NAME)";
				PROVISIONING_PROFILE_SPECIFIER = "";
				SKIP_INSTALL = YES;
				TARGETED_DEVICE_FAMILY = 1;
			};
			name = Debug;
		};
		A46289A726EFBCEF00D1C2B6 /* Release */ = {
			isa = XCBuildConfiguration;
			baseConfigurationReference = 76E0518E6652C64F987941C4 /* Pods-WonderPushNotificationServiceExtension.release.xcconfig */;
			buildSettings = {
				CLANG_ANALYZER_NONNULL = YES;
				CLANG_ANALYZER_NUMBER_OBJECT_CONVERSION = YES_AGGRESSIVE;
				CLANG_CXX_LANGUAGE_STANDARD = "gnu++14";
				CLANG_ENABLE_OBJC_WEAK = YES;
				CLANG_WARN_DOCUMENTATION_COMMENTS = YES;
				CLANG_WARN_QUOTED_INCLUDE_IN_FRAMEWORK_HEADER = "$(inherited)";
				CLANG_WARN_UNGUARDED_AVAILABILITY = YES_AGGRESSIVE;
				CODE_SIGN_ENTITLEMENTS = WonderPushNotificationServiceExtension/WonderPushNotificationServiceExtension.entitlements;
				CODE_SIGN_IDENTITY = "Apple Development";
				CODE_SIGN_STYLE = Automatic;
				COPY_PHASE_STRIP = NO;
				DEBUG_INFORMATION_FORMAT = "dwarf-with-dsym";
				DEVELOPMENT_TEAM = 87A8FNW358;
				GCC_C_LANGUAGE_STANDARD = gnu11;
				INFOPLIST_FILE = WonderPushNotificationServiceExtension/Info.plist;
				IPHONEOS_DEPLOYMENT_TARGET = 13.0;
				LD_RUNPATH_SEARCH_PATHS = (
					"$(inherited)",
					"@executable_path/Frameworks",
					"@executable_path/../../Frameworks",
				);
				MARKETING_VERSION = 1.0.0;
				MTL_FAST_MATH = YES;
				PRODUCT_BUNDLE_IDENTIFIER = com.snpi.news.WonderPushNotificationExtension;
				PRODUCT_NAME = "$(TARGET_NAME)";
				PROVISIONING_PROFILE_SPECIFIER = "";
				SKIP_INSTALL = YES;
				TARGETED_DEVICE_FAMILY = 1;
			};
			name = Release;
		};
/* End XCBuildConfiguration section */

/* Begin XCConfigurationList section */
		13B07F931A680F5B00A75B9A /* Build configuration list for PBXNativeTarget "SNPINews" */ = {
			isa = XCConfigurationList;
			buildConfigurations = (
				13B07F941A680F5B00A75B9A /* Debug */,
				13B07F951A680F5B00A75B9A /* Release */,
			);
			defaultConfigurationIsVisible = 0;
			defaultConfigurationName = Release;
		};
		83CBB9FA1A601CBA00E9B192 /* Build configuration list for PBXProject "SNPINews" */ = {
			isa = XCConfigurationList;
			buildConfigurations = (
				83CBBA201A601CBA00E9B192 /* Debug */,
				83CBBA211A601CBA00E9B192 /* Release */,
			);
			defaultConfigurationIsVisible = 0;
			defaultConfigurationName = Release;
		};
		A46289A926EFBCEF00D1C2B6 /* Build configuration list for PBXNativeTarget "WonderPushNotificationServiceExtension" */ = {
			isa = XCConfigurationList;
			buildConfigurations = (
				A46289A626EFBCEF00D1C2B6 /* Debug */,
				A46289A726EFBCEF00D1C2B6 /* Release */,
			);
			defaultConfigurationIsVisible = 0;
			defaultConfigurationName = Release;
		};
/* End XCConfigurationList section */
	};
	rootObject = 83CBB9F71A601CBA00E9B192 /* Project object */;
}
