{
  "object": {
    "pins": [
      {
        "package": "WonderPush",
        "repositoryURL": "https://github.com/wonderpush/wonderpush-ios-sdk",
        "state": {
          "branch": "master",
          "revision": "b829331d02e5ccb4b15cd0be47bcfe63bcccd7a2",
          "version": null
        }
      }
    ]
  },
  "version": 1
}
